// !$*UTF8*$!
{
	archiveVersion = 1;
	classes = {
	};
	objectVersion = 55;
	objects = {

/* Begin PBXBuildFile section */
		39B3DFFA282C98F500CB70F2 /* ZemogaMobileTestApp.swift in Sources */ = {isa = PBXBuildFile; fileRef = 39B3DFF9282C98F500CB70F2 /* ZemogaMobileTestApp.swift */; };
		39B3DFFC282C98F500CB70F2 /* ContentView.swift in Sources */ = {isa = PBXBuildFile; fileRef = 39B3DFFB282C98F500CB70F2 /* ContentView.swift */; };
		39B3DFFE282C98F500CB70F2 /* Assets.xcassets in Resources */ = {isa = PBXBuildFile; fileRef = 39B3DFFD282C98F500CB70F2 /* Assets.xcassets */; };
		39B3E001282C98F500CB70F2 /* Preview Assets.xcassets in Resources */ = {isa = PBXBuildFile; fileRef = 39B3E000282C98F500CB70F2 /* Preview Assets.xcassets */; };
		39B3E00B282C98F500CB70F2 /* ZemogaMobileTestTests.swift in Sources */ = {isa = PBXBuildFile; fileRef = 39B3E00A282C98F500CB70F2 /* ZemogaMobileTestTests.swift */; };
		39B3E015282C98F500CB70F2 /* ZemogaMobileTestUITests.swift in Sources */ = {isa = PBXBuildFile; fileRef = 39B3E014282C98F500CB70F2 /* ZemogaMobileTestUITests.swift */; };
		39B3E017282C98F500CB70F2 /* ZemogaMobileTestUITestsLaunchTests.swift in Sources */ = {isa = PBXBuildFile; fileRef = 39B3E016282C98F500CB70F2 /* ZemogaMobileTestUITestsLaunchTests.swift */; };
/* End PBXBuildFile section */

/* Begin PBXContainerItemProxy section */
		39B3E007282C98F500CB70F2 /* PBXContainerItemProxy */ = {
			isa = PBXContainerItemProxy;
			containerPortal = 39B3DFEE282C98F500CB70F2 /* Project object */;
			proxyType = 1;
			remoteGlobalIDString = 39B3DFF5282C98F500CB70F2;
			remoteInfo = ZemogaMobileTest;
		};
		39B3E011282C98F500CB70F2 /* PBXContainerItemProxy */ = {
			isa = PBXContainerItemProxy;
			containerPortal = 39B3DFEE282C98F500CB70F2 /* Project object */;
			proxyType = 1;
			remoteGlobalIDString = 39B3DFF5282C98F500CB70F2;
			remoteInfo = ZemogaMobileTest;
		};
/* End PBXContainerItemProxy section */

/* Begin PBXFileReference section */
		39B3DFF6282C98F500CB70F2 /* ZemogaMobileTest.app */ = {isa = PBXFileReference; explicitFileType = wrapper.application; includeInIndex = 0; path = ZemogaMobileTest.app; sourceTree = BUILT_PRODUCTS_DIR; };
		39B3DFF9282C98F500CB70F2 /* ZemogaMobileTestApp.swift */ = {isa = PBXFileReference; lastKnownFileType = sourcecode.swift; path = ZemogaMobileTestApp.swift; sourceTree = "<group>"; };
		39B3DFFB282C98F500CB70F2 /* ContentView.swift */ = {isa = PBXFileReference; lastKnownFileType = sourcecode.swift; path = ContentView.swift; sourceTree = "<group>"; };
		39B3DFFD282C98F500CB70F2 /* Assets.xcassets */ = {isa = PBXFileReference; lastKnownFileType = folder.assetcatalog; path = Assets.xcassets; sourceTree = "<group>"; };
		39B3E000282C98F500CB70F2 /* Preview Assets.xcassets */ = {isa = PBXFileReference; lastKnownFileType = folder.assetcatalog; path = "Preview Assets.xcassets"; sourceTree = "<group>"; };
		39B3E006282C98F500CB70F2 /* ZemogaMobileTestTests.xctest */ = {isa = PBXFileReference; explicitFileType = wrapper.cfbundle; includeInIndex = 0; path = ZemogaMobileTestTests.xctest; sourceTree = BUILT_PRODUCTS_DIR; };
		39B3E00A282C98F500CB70F2 /* ZemogaMobileTestTests.swift */ = {isa = PBXFileReference; lastKnownFileType = sourcecode.swift; path = ZemogaMobileTestTests.swift; sourceTree = "<group>"; };
		39B3E010282C98F500CB70F2 /* ZemogaMobileTestUITests.xctest */ = {isa = PBXFileReference; explicitFileType = wrapper.cfbundle; includeInIndex = 0; path = ZemogaMobileTestUITests.xctest; sourceTree = BUILT_PRODUCTS_DIR; };
		39B3E014282C98F500CB70F2 /* ZemogaMobileTestUITests.swift */ = {isa = PBXFileReference; lastKnownFileType = sourcecode.swift; path = ZemogaMobileTestUITests.swift; sourceTree = "<group>"; };
		39B3E016282C98F500CB70F2 /* ZemogaMobileTestUITestsLaunchTests.swift */ = {isa = PBXFileReference; lastKnownFileType = sourcecode.swift; path = ZemogaMobileTestUITestsLaunchTests.swift; sourceTree = "<group>"; };
/* End PBXFileReference section */

/* Begin PBXFrameworksBuildPhase section */
		39B3DFF3282C98F500CB70F2 /* Frameworks */ = {
			isa = PBXFrameworksBuildPhase;
			buildActionMask = 2147483647;
			files = (
			);
			runOnlyForDeploymentPostprocessing = 0;
		};
		39B3E003282C98F500CB70F2 /* Frameworks */ = {
			isa = PBXFrameworksBuildPhase;
			buildActionMask = 2147483647;
			files = (
			);
			runOnlyForDeploymentPostprocessing = 0;
		};
		39B3E00D282C98F500CB70F2 /* Frameworks */ = {
			isa = PBXFrameworksBuildPhase;
			buildActionMask = 2147483647;
			files = (
			);
			runOnlyForDeploymentPostprocessing = 0;
		};
/* End PBXFrameworksBuildPhase section */

/* Begin PBXGroup section */
		39B3DFED282C98F500CB70F2 = {
			isa = PBXGroup;
			children = (
				39B3DFF8282C98F500CB70F2 /* ZemogaMobileTest */,
				39B3E009282C98F500CB70F2 /* ZemogaMobileTestTests */,
				39B3E013282C98F500CB70F2 /* ZemogaMobileTestUITests */,
				39B3DFF7282C98F500CB70F2 /* Products */,
			);
			sourceTree = "<group>";
		};
		39B3DFF7282C98F500CB70F2 /* Products */ = {
			isa = PBXGroup;
			children = (
				39B3DFF6282C98F500CB70F2 /* ZemogaMobileTest.app */,
				39B3E006282C98F500CB70F2 /* ZemogaMobileTestTests.xctest */,
				39B3E010282C98F500CB70F2 /* ZemogaMobileTestUITests.xctest */,
			);
			name = Products;
			sourceTree = "<group>";
		};
		39B3DFF8282C98F500CB70F2 /* ZemogaMobileTest */ = {
			isa = PBXGroup;
			children = (
				39B3DFF9282C98F500CB70F2 /* ZemogaMobileTestApp.swift */,
				39B3DFFB282C98F500CB70F2 /* ContentView.swift */,
				39B3DFFD282C98F500CB70F2 /* Assets.xcassets */,
				39B3DFFF282C98F500CB70F2 /* Preview Content */,
			);
			path = ZemogaMobileTest;
			sourceTree = "<group>";
		};
		39B3DFFF282C98F500CB70F2 /* Preview Content */ = {
			isa = PBXGroup;
			children = (
				39B3E000282C98F500CB70F2 /* Preview Assets.xcassets */,
			);
			path = "Preview Content";
			sourceTree = "<group>";
		};
		39B3E009282C98F500CB70F2 /* ZemogaMobileTestTests */ = {
			isa = PBXGroup;
			children = (
				39B3E00A282C98F500CB70F2 /* ZemogaMobileTestTests.swift */,
			);
			path = ZemogaMobileTestTests;
			sourceTree = "<group>";
		};
		39B3E013282C98F500CB70F2 /* ZemogaMobileTestUITests */ = {
			isa = PBXGroup;
			children = (
				39B3E014282C98F500CB70F2 /* ZemogaMobileTestUITests.swift */,
				39B3E016282C98F500CB70F2 /* ZemogaMobileTestUITestsLaunchTests.swift */,
			);
			path = ZemogaMobileTestUITests;
			sourceTree = "<group>";
		};
/* End PBXGroup section */

/* Begin PBXNativeTarget section */
		39B3DFF5282C98F500CB70F2 /* ZemogaMobileTest */ = {
			isa = PBXNativeTarget;
			buildConfigurationList = 39B3E01A282C98F500CB70F2 /* Build configuration list for PBXNativeTarget "ZemogaMobileTest" */;
			buildPhases = (
				39B3DFF2282C98F500CB70F2 /* Sources */,
				39B3DFF3282C98F500CB70F2 /* Frameworks */,
				39B3DFF4282C98F500CB70F2 /* Resources */,
			);
			buildRules = (
			);
			dependencies = (
			);
			name = ZemogaMobileTest;
			productName = ZemogaMobileTest;
			productReference = 39B3DFF6282C98F500CB70F2 /* ZemogaMobileTest.app */;
			productType = "com.apple.product-type.application";
		};
		39B3E005282C98F500CB70F2 /* ZemogaMobileTestTests */ = {
			isa = PBXNativeTarget;
			buildConfigurationList = 39B3E01D282C98F500CB70F2 /* Build configuration list for PBXNativeTarget "ZemogaMobileTestTests" */;
			buildPhases = (
				39B3E002282C98F500CB70F2 /* Sources */,
				39B3E003282C98F500CB70F2 /* Frameworks */,
				39B3E004282C98F500CB70F2 /* Resources */,
			);
			buildRules = (
			);
			dependencies = (
				39B3E008282C98F500CB70F2 /* PBXTargetDependency */,
			);
			name = ZemogaMobileTestTests;
			productName = ZemogaMobileTestTests;
			productReference = 39B3E006282C98F500CB70F2 /* ZemogaMobileTestTests.xctest */;
			productType = "com.apple.product-type.bundle.unit-test";
		};
		39B3E00F282C98F500CB70F2 /* ZemogaMobileTestUITests */ = {
			isa = PBXNativeTarget;
			buildConfigurationList = 39B3E020282C98F500CB70F2 /* Build configuration list for PBXNativeTarget "ZemogaMobileTestUITests" */;
			buildPhases = (
				39B3E00C282C98F500CB70F2 /* Sources */,
				39B3E00D282C98F500CB70F2 /* Frameworks */,
				39B3E00E282C98F500CB70F2 /* Resources */,
			);
			buildRules = (
			);
			dependencies = (
				39B3E012282C98F500CB70F2 /* PBXTargetDependency */,
			);
			name = ZemogaMobileTestUITests;
			productName = ZemogaMobileTestUITests;
			productReference = 39B3E010282C98F500CB70F2 /* ZemogaMobileTestUITests.xctest */;
			productType = "com.apple.product-type.bundle.ui-testing";
		};
/* End PBXNativeTarget section */

/* Begin PBXProject section */
		39B3DFEE282C98F500CB70F2 /* Project object */ = {
			isa = PBXProject;
			attributes = {
				BuildIndependentTargetsInParallel = 1;
				LastSwiftUpdateCheck = 1320;
				LastUpgradeCheck = 1320;
				TargetAttributes = {
					39B3DFF5282C98F500CB70F2 = {
						CreatedOnToolsVersion = 13.2.1;
					};
					39B3E005282C98F500CB70F2 = {
						CreatedOnToolsVersion = 13.2.1;
						TestTargetID = 39B3DFF5282C98F500CB70F2;
					};
					39B3E00F282C98F500CB70F2 = {
						CreatedOnToolsVersion = 13.2.1;
						TestTargetID = 39B3DFF5282C98F500CB70F2;
					};
				};
			};
			buildConfigurationList = 39B3DFF1282C98F500CB70F2 /* Build configuration list for PBXProject "ZemogaMobileTest" */;
			compatibilityVersion = "Xcode 13.0";
			developmentRegion = en;
			hasScannedForEncodings = 0;
			knownRegions = (
				en,
				Base,
			);
			mainGroup = 39B3DFED282C98F500CB70F2;
			productRefGroup = 39B3DFF7282C98F500CB70F2 /* Products */;
			projectDirPath = "";
			projectRoot = "";
			targets = (
				39B3DFF5282C98F500CB70F2 /* ZemogaMobileTest */,
				39B3E005282C98F500CB70F2 /* ZemogaMobileTestTests */,
				39B3E00F282C98F500CB70F2 /* ZemogaMobileTestUITests */,
			);
		};
/* End PBXProject section */

/* Begin PBXResourcesBuildPhase section */
		39B3DFF4282C98F500CB70F2 /* Resources */ = {
			isa = PBXResourcesBuildPhase;
			buildActionMask = 2147483647;
			files = (
				39B3E001282C98F500CB70F2 /* Preview Assets.xcassets in Resources */,
				39B3DFFE282C98F500CB70F2 /* Assets.xcassets in Resources */,
			);
			runOnlyForDeploymentPostprocessing = 0;
		};
		39B3E004282C98F500CB70F2 /* Resources */ = {
			isa = PBXResourcesBuildPhase;
			buildActionMask = 2147483647;
			files = (
			);
			runOnlyForDeploymentPostprocessing = 0;
		};
		39B3E00E282C98F500CB70F2 /* Resources */ = {
			isa = PBXResourcesBuildPhase;
			buildActionMask = 2147483647;
			files = (
			);
			runOnlyForDeploymentPostprocessing = 0;
		};
/* End PBXResourcesBuildPhase section */

/* Begin PBXSourcesBuildPhase section */
		39B3DFF2282C98F500CB70F2 /* Sources */ = {
			isa = PBXSourcesBuildPhase;
			buildActionMask = 2147483647;
			files = (
				39B3DFFC282C98F500CB70F2 /* ContentView.swift in Sources */,
				39B3DFFA282C98F500CB70F2 /* ZemogaMobileTestApp.swift in Sources */,
			);
			runOnlyForDeploymentPostprocessing = 0;
		};
		39B3E002282C98F500CB70F2 /* Sources */ = {
			isa = PBXSourcesBuildPhase;
			buildActionMask = 2147483647;
			files = (
				39B3E00B282C98F500CB70F2 /* ZemogaMobileTestTests.swift in Sources */,
			);
			runOnlyForDeploymentPostprocessing = 0;
		};
		39B3E00C282C98F500CB70F2 /* Sources */ = {
			isa = PBXSourcesBuildPhase;
			buildActionMask = 2147483647;
			files = (
				39B3E015282C98F500CB70F2 /* ZemogaMobileTestUITests.swift in Sources */,
				39B3E017282C98F500CB70F2 /* ZemogaMobileTestUITestsLaunchTests.swift in Sources */,
			);
			runOnlyForDeploymentPostprocessing = 0;
		};
/* End PBXSourcesBuildPhase section */

/* Begin PBXTargetDependency section */
		39B3E008282C98F500CB70F2 /* PBXTargetDependency */ = {
			isa = PBXTargetDependency;
			target = 39B3DFF5282C98F500CB70F2 /* ZemogaMobileTest */;
			targetProxy = 39B3E007282C98F500CB70F2 /* PBXContainerItemProxy */;
		};
		39B3E012282C98F500CB70F2 /* PBXTargetDependency */ = {
			isa = PBXTargetDependency;
			target = 39B3DFF5282C98F500CB70F2 /* ZemogaMobileTest */;
			targetProxy = 39B3E011282C98F500CB70F2 /* PBXContainerItemProxy */;
		};
/* End PBXTargetDependency section */

/* Begin XCBuildConfiguration section */
		39B3E018282C98F500CB70F2 /* Debug */ = {
			isa = XCBuildConfiguration;
			buildSettings = {
				ALWAYS_SEARCH_USER_PATHS = NO;
				CLANG_ANALYZER_NONNULL = YES;
				CLANG_ANALYZER_NUMBER_OBJECT_CONVERSION = YES_AGGRESSIVE;
				CLANG_CXX_LANGUAGE_STANDARD = "gnu++17";
				CLANG_CXX_LIBRARY = "libc++";
				CLANG_ENABLE_MODULES = YES;
				CLANG_ENABLE_OBJC_ARC = YES;
				CLANG_ENABLE_OBJC_WEAK = YES;
				CLANG_WARN_BLOCK_CAPTURE_AUTORELEASING = YES;
				CLANG_WARN_BOOL_CONVERSION = YES;
				CLANG_WARN_COMMA = YES;
				CLANG_WARN_CONSTANT_CONVERSION = YES;
				CLANG_WARN_DEPRECATED_OBJC_IMPLEMENTATIONS = YES;
				CLANG_WARN_DIRECT_OBJC_ISA_USAGE = YES_ERROR;
				CLANG_WARN_DOCUMENTATION_COMMENTS = YES;
				CLANG_WARN_EMPTY_BODY = YES;
				CLANG_WARN_ENUM_CONVERSION = YES;
				CLANG_WARN_INFINITE_RECURSION = YES;
				CLANG_WARN_INT_CONVERSION = YES;
				CLANG_WARN_NON_LITERAL_NULL_CONVERSION = YES;
				CLANG_WARN_OBJC_IMPLICIT_RETAIN_SELF = YES;
				CLANG_WARN_OBJC_LITERAL_CONVERSION = YES;
				CLANG_WARN_OBJC_ROOT_CLASS = YES_ERROR;
				CLANG_WARN_QUOTED_INCLUDE_IN_FRAMEWORK_HEADER = YES;
				CLANG_WARN_RANGE_LOOP_ANALYSIS = YES;
				CLANG_WARN_STRICT_PROTOTYPES = YES;
				CLANG_WARN_SUSPICIOUS_MOVE = YES;
				CLANG_WARN_UNGUARDED_AVAILABILITY = YES_AGGRESSIVE;
				CLANG_WARN_UNREACHABLE_CODE = YES;
				CLANG_WARN__DUPLICATE_METHOD_MATCH = YES;
				COPY_PHASE_STRIP = NO;
				DEBUG_INFORMATION_FORMAT = dwarf;
				ENABLE_STRICT_OBJC_MSGSEND = YES;
				ENABLE_TESTABILITY = YES;
				GCC_C_LANGUAGE_STANDARD = gnu11;
				GCC_DYNAMIC_NO_PIC = NO;
				GCC_NO_COMMON_BLOCKS = YES;
				GCC_OPTIMIZATION_LEVEL = 0;
				GCC_PREPROCESSOR_DEFINITIONS = (
					"DEBUG=1",
					"$(inherited)",
				);
				GCC_WARN_64_TO_32_BIT_CONVERSION = YES;
				GCC_WARN_ABOUT_RETURN_TYPE = YES_ERROR;
				GCC_WARN_UNDECLARED_SELECTOR = YES;
				GCC_WARN_UNINITIALIZED_AUTOS = YES_AGGRESSIVE;
				GCC_WARN_UNUSED_FUNCTION = YES;
				GCC_WARN_UNUSED_VARIABLE = YES;
				IPHONEOS_DEPLOYMENT_TARGET = 15.2;
				MTL_ENABLE_DEBUG_INFO = INCLUDE_SOURCE;
				MTL_FAST_MATH = YES;
				ONLY_ACTIVE_ARCH = YES;
				SDKROOT = iphoneos;
				SWIFT_ACTIVE_COMPILATION_CONDITIONS = DEBUG;
				SWIFT_OPTIMIZATION_LEVEL = "-Onone";
			};
			name = Debug;
		};
		39B3E019282C98F500CB70F2 /* Release */ = {
			isa = XCBuildConfiguration;
			buildSettings = {
				ALWAYS_SEARCH_USER_PATHS = NO;
				CLANG_ANALYZER_NONNULL = YES;
				CLANG_ANALYZER_NUMBER_OBJECT_CONVERSION = YES_AGGRESSIVE;
				CLANG_CXX_LANGUAGE_STANDARD = "gnu++17";
				CLANG_CXX_LIBRARY = "libc++";
				CLANG_ENABLE_MODULES = YES;
				CLANG_ENABLE_OBJC_ARC = YES;
				CLANG_ENABLE_OBJC_WEAK = YES;
				CLANG_WARN_BLOCK_CAPTURE_AUTORELEASING = YES;
				CLANG_WARN_BOOL_CONVERSION = YES;
				CLANG_WARN_COMMA = YES;
				CLANG_WARN_CONSTANT_CONVERSION = YES;
				CLANG_WARN_DEPRECATED_OBJC_IMPLEMENTATIONS = YES;
				CLANG_WARN_DIRECT_OBJC_ISA_USAGE = YES_ERROR;
				CLANG_WARN_DOCUMENTATION_COMMENTS = YES;
				CLANG_WARN_EMPTY_BODY = YES;
				CLANG_WARN_ENUM_CONVERSION = YES;
				CLANG_WARN_INFINITE_RECURSION = YES;
				CLANG_WARN_INT_CONVERSION = YES;
				CLANG_WARN_NON_LITERAL_NULL_CONVERSION = YES;
				CLANG_WARN_OBJC_IMPLICIT_RETAIN_SELF = YES;
				CLANG_WARN_OBJC_LITERAL_CONVERSION = YES;
				CLANG_WARN_OBJC_ROOT_CLASS = YES_ERROR;
				CLANG_WARN_QUOTED_INCLUDE_IN_FRAMEWORK_HEADER = YES;
				CLANG_WARN_RANGE_LOOP_ANALYSIS = YES;
				CLANG_WARN_STRICT_PROTOTYPES = YES;
				CLANG_WARN_SUSPICIOUS_MOVE = YES;
				CLANG_WARN_UNGUARDED_AVAILABILITY = YES_AGGRESSIVE;
				CLANG_WARN_UNREACHABLE_CODE = YES;
				CLANG_WARN__DUPLICATE_METHOD_MATCH = YES;
				COPY_PHASE_STRIP = NO;
				DEBUG_INFORMATION_FORMAT = "dwarf-with-dsym";
				ENABLE_NS_ASSERTIONS = NO;
				ENABLE_STRICT_OBJC_MSGSEND = YES;
				GCC_C_LANGUAGE_STANDARD = gnu11;
				GCC_NO_COMMON_BLOCKS = YES;
				GCC_WARN_64_TO_32_BIT_CONVERSION = YES;
				GCC_WARN_ABOUT_RETURN_TYPE = YES_ERROR;
				GCC_WARN_UNDECLARED_SELECTOR = YES;
				GCC_WARN_UNINITIALIZED_AUTOS = YES_AGGRESSIVE;
				GCC_WARN_UNUSED_FUNCTION = YES;
				GCC_WARN_UNUSED_VARIABLE = YES;
				IPHONEOS_DEPLOYMENT_TARGET = 15.2;
				MTL_ENABLE_DEBUG_INFO = NO;
				MTL_FAST_MATH = YES;
				SDKROOT = iphoneos;
				SWIFT_COMPILATION_MODE = wholemodule;
				SWIFT_OPTIMIZATION_LEVEL = "-O";
				VALIDATE_PRODUCT = YES;
			};
			name = Release;
		};
		39B3E01B282C98F500CB70F2 /* Debug */ = {
			isa = XCBuildConfiguration;
			buildSettings = {
				ASSETCATALOG_COMPILER_APPICON_NAME = AppIcon;
				ASSETCATALOG_COMPILER_GLOBAL_ACCENT_COLOR_NAME = AccentColor;
				CODE_SIGN_STYLE = Automatic;
				CURRENT_PROJECT_VERSION = 1;
				DEVELOPMENT_ASSET_PATHS = "\"ZemogaMobileTest/Preview Content\"";
				ENABLE_PREVIEWS = YES;
				GENERATE_INFOPLIST_FILE = YES;
				INFOPLIST_KEY_UIApplicationSceneManifest_Generation = YES;
				INFOPLIST_KEY_UIApplicationSupportsIndirectInputEvents = YES;
				INFOPLIST_KEY_UILaunchScreen_Generation = YES;
				INFOPLIST_KEY_UISupportedInterfaceOrientations_iPad = "UIInterfaceOrientationPortrait UIInterfaceOrientationPortraitUpsideDown UIInterfaceOrientationLandscapeLeft UIInterfaceOrientationLandscapeRight";
				INFOPLIST_KEY_UISupportedInterfaceOrientations_iPhone = "UIInterfaceOrientationPortrait UIInterfaceOrientationLandscapeLeft UIInterfaceOrientationLandscapeRight";
				LD_RUNPATH_SEARCH_PATHS = (
					"$(inherited)",
					"@executable_path/Frameworks",
				);
				MARKETING_VERSION = 1.0;
				PRODUCT_BUNDLE_IDENTIFIER = rone.io.ZemogaMobileTest;
				PRODUCT_NAME = "$(TARGET_NAME)";
				SWIFT_EMIT_LOC_STRINGS = YES;
				SWIFT_VERSION = 5.0;
				TARGETED_DEVICE_FAMILY = "1,2";
			};
			name = Debug;
		};
		39B3E01C282C98F500CB70F2 /* Release */ = {
			isa = XCBuildConfiguration;
			buildSettings = {
				ASSETCATALOG_COMPILER_APPICON_NAME = AppIcon;
				ASSETCATALOG_COMPILER_GLOBAL_ACCENT_COLOR_NAME = AccentColor;
				CODE_SIGN_STYLE = Automatic;
				CURRENT_PROJECT_VERSION = 1;
				DEVELOPMENT_ASSET_PATHS = "\"ZemogaMobileTest/Preview Content\"";
				ENABLE_PREVIEWS = YES;
				GENERATE_INFOPLIST_FILE = YES;
				INFOPLIST_KEY_UIApplicationSceneManifest_Generation = YES;
				INFOPLIST_KEY_UIApplicationSupportsIndirectInputEvents = YES;
				INFOPLIST_KEY_UILaunchScreen_Generation = YES;
				INFOPLIST_KEY_UISupportedInterfaceOrientations_iPad = "UIInterfaceOrientationPortrait UIInterfaceOrientationPortraitUpsideDown UIInterfaceOrientationLandscapeLeft UIInterfaceOrientationLandscapeRight";
				INFOPLIST_KEY_UISupportedInterfaceOrientations_iPhone = "UIInterfaceOrientationPortrait UIInterfaceOrientationLandscapeLeft UIInterfaceOrientationLandscapeRight";
				LD_RUNPATH_SEARCH_PATHS = (
					"$(inherited)",
					"@executable_path/Frameworks",
				);
				MARKETING_VERSION = 1.0;
				PRODUCT_BUNDLE_IDENTIFIER = rone.io.ZemogaMobileTest;
				PRODUCT_NAME = "$(TARGET_NAME)";
				SWIFT_EMIT_LOC_STRINGS = YES;
				SWIFT_VERSION = 5.0;
				TARGETED_DEVICE_FAMILY = "1,2";
			};
			name = Release;
		};
		39B3E01E282C98F500CB70F2 /* Debug */ = {
			isa = XCBuildConfiguration;
			buildSettings = {
				ALWAYS_EMBED_SWIFT_STANDARD_LIBRARIES = YES;
				BUNDLE_LOADER = "$(TEST_HOST)";
				CODE_SIGN_STYLE = Automatic;
				CURRENT_PROJECT_VERSION = 1;
				GENERATE_INFOPLIST_FILE = YES;
				IPHONEOS_DEPLOYMENT_TARGET = 15.2;
				MARKETING_VERSION = 1.0;
				PRODUCT_BUNDLE_IDENTIFIER = rone.io.ZemogaMobileTestTests;
				PRODUCT_NAME = "$(TARGET_NAME)";
				SWIFT_EMIT_LOC_STRINGS = NO;
				SWIFT_VERSION = 5.0;
				TARGETED_DEVICE_FAMILY = "1,2";
				TEST_HOST = "$(BUILT_PRODUCTS_DIR)/ZemogaMobileTest.app/ZemogaMobileTest";
			};
			name = Debug;
		};
		39B3E01F282C98F500CB70F2 /* Release */ = {
			isa = XCBuildConfiguration;
			buildSettings = {
				ALWAYS_EMBED_SWIFT_STANDARD_LIBRARIES = YES;
				BUNDLE_LOADER = "$(TEST_HOST)";
				CODE_SIGN_STYLE = Automatic;
				CURRENT_PROJECT_VERSION = 1;
				GENERATE_INFOPLIST_FILE = YES;
				IPHONEOS_DEPLOYMENT_TARGET = 15.2;
				MARKETING_VERSION = 1.0;
				PRODUCT_BUNDLE_IDENTIFIER = rone.io.ZemogaMobileTestTests;
				PRODUCT_NAME = "$(TARGET_NAME)";
				SWIFT_EMIT_LOC_STRINGS = NO;
				SWIFT_VERSION = 5.0;
				TARGETED_DEVICE_FAMILY = "1,2";
				TEST_HOST = "$(BUILT_PRODUCTS_DIR)/ZemogaMobileTest.app/ZemogaMobileTest";
			};
			name = Release;
		};
		39B3E021282C98F500CB70F2 /* Debug */ = {
			isa = XCBuildConfiguration;
			buildSettings = {
				ALWAYS_EMBED_SWIFT_STANDARD_LIBRARIES = YES;
				CODE_SIGN_STYLE = Automatic;
				CURRENT_PROJECT_VERSION = 1;
				GENERATE_INFOPLIST_FILE = YES;
				MARKETING_VERSION = 1.0;
				PRODUCT_BUNDLE_IDENTIFIER = rone.io.ZemogaMobileTestUITests;
				PRODUCT_NAME = "$(TARGET_NAME)";
				SWIFT_EMIT_LOC_STRINGS = NO;
				SWIFT_VERSION = 5.0;
				TARGETED_DEVICE_FAMILY = "1,2";
				TEST_TARGET_NAME = ZemogaMobileTest;
			};
			name = Debug;
		};
		39B3E022282C98F500CB70F2 /* Release */ = {
			isa = XCBuildConfiguration;
			buildSettings = {
				ALWAYS_EMBED_SWIFT_STANDARD_LIBRARIES = YES;
				CODE_SIGN_STYLE = Automatic;
				CURRENT_PROJECT_VERSION = 1;
				GENERATE_INFOPLIST_FILE = YES;
				MARKETING_VERSION = 1.0;
				PRODUCT_BUNDLE_IDENTIFIER = rone.io.ZemogaMobileTestUITests;
				PRODUCT_NAME = "$(TARGET_NAME)";
				SWIFT_EMIT_LOC_STRINGS = NO;
				SWIFT_VERSION = 5.0;
				TARGETED_DEVICE_FAMILY = "1,2";
				TEST_TARGET_NAME = ZemogaMobileTest;
			};
			name = Release;
		};
/* End XCBuildConfiguration section */

/* Begin XCConfigurationList section */
		39B3DFF1282C98F500CB70F2 /* Build configuration list for PBXProject "ZemogaMobileTest" */ = {
			isa = XCConfigurationList;
			buildConfigurations = (
				39B3E018282C98F500CB70F2 /* Debug */,
				39B3E019282C98F500CB70F2 /* Release */,
			);
			defaultConfigurationIsVisible = 0;
			defaultConfigurationName = Release;
		};
		39B3E01A282C98F500CB70F2 /* Build configuration list for PBXNativeTarget "ZemogaMobileTest" */ = {
			isa = XCConfigurationList;
			buildConfigurations = (
				39B3E01B282C98F500CB70F2 /* Debug */,
				39B3E01C282C98F500CB70F2 /* Release */,
			);
			defaultConfigurationIsVisible = 0;
			defaultConfigurationName = Release;
		};
		39B3E01D282C98F500CB70F2 /* Build configuration list for PBXNativeTarget "ZemogaMobileTestTests" */ = {
			isa = XCConfigurationList;
			buildConfigurations = (
				39B3E01E282C98F500CB70F2 /* Debug */,
				39B3E01F282C98F500CB70F2 /* Release */,
			);
			defaultConfigurationIsVisible = 0;
			defaultConfigurationName = Release;
		};
		39B3E020282C98F500CB70F2 /* Build configuration list for PBXNativeTarget "ZemogaMobileTestUITests" */ = {
			isa = XCConfigurationList;
			buildConfigurations = (
				39B3E021282C98F500CB70F2 /* Debug */,
				39B3E022282C98F500CB70F2 /* Release */,
			);
			defaultConfigurationIsVisible = 0;
			defaultConfigurationName = Release;
		};
/* End XCConfigurationList section */
	};
	rootObject = 39B3DFEE282C98F500CB70F2 /* Project object */;
}
